Microsoft Visual Studio Solution File, Format Version 12.00
# Visual Studio Version 17
VisualStudioVersion = 17.12.35707.178 d17.12
MinimumVisualStudioVersion = 10.0.40219.1
Project("{FAE04EC0-301F-11D3-BF4B-00C04F79EFBC}") = "Docspace", "src\Docspace\Docspace.csproj", "{ACE4D09F-9481-450C-8096-7658EF73ADD9}"
EndProject
Project("{FAE04EC0-301F-11D3-BF4B-00C04F79EFBC}") = "Docspace.Test", "src\Docspace.Test\Docspace.Test.csproj", "{19F1DEBC-DE5E-4517-8062-F000CD499087}"
EndProject
Project("{FAE04EC0-301F-11D3-BF4B-00C04F79EFBC}") = "Docspace.Example", "src\Docspace.Example\Docspace.Example.csproj", "{DA364D8B-A803-4168-8844-E0C2004BFF24}"
EndProject
Global
	GlobalSection(SolutionConfigurationPlatforms) = preSolution
		Debug|Any CPU = Debug|Any CPU
		Release|Any CPU = Release|Any CPU
	EndGlobalSection
	GlobalSection(ProjectConfigurationPlatforms) = postSolution
		{ACE4D09F-9481-450C-8096-7658EF73ADD9}.Debug|Any CPU.ActiveCfg = Debug|Any CPU
		{ACE4D09F-9481-450C-8096-7658EF73ADD9}.Debug|Any CPU.Build.0 = Debug|Any CPU
		{ACE4D09F-9481-450C-8096-7658EF73ADD9}.Release|Any CPU.ActiveCfg = Release|Any CPU
		{ACE4D09F-9481-450C-8096-7658EF73ADD9}.Release|Any CPU.Build.0 = Release|Any CPU
		{19F1DEBC-DE5E-4517-8062-F000CD499087}.Debug|Any CPU.ActiveCfg = Debug|Any CPU
		{19F1DEBC-DE5E-4517-8062-F000CD499087}.Debug|Any CPU.Build.0 = Debug|Any CPU
		{19F1DEBC-DE5E-4517-8062-F000CD499087}.Release|Any CPU.ActiveCfg = Release|Any CPU
		{19F1DEBC-DE5E-4517-8062-F000CD499087}.Release|Any CPU.Build.0 = Release|Any CPU
		{DA364D8B-A803-4168-8844-E0C2004BFF24}.Debug|Any CPU.ActiveCfg = Debug|Any CPU
		{DA364D8B-A803-4168-8844-E0C2004BFF24}.Debug|Any CPU.Build.0 = Debug|Any CPU
		{DA364D8B-A803-4168-8844-E0C2004BFF24}.Release|Any CPU.ActiveCfg = Release|Any CPU
		{DA364D8B-A803-4168-8844-E0C2004BFF24}.Release|Any CPU.Build.0 = Release|Any CPU
	EndGlobalSection
	GlobalSection(SolutionProperties) = preSolution
		HideSolutionNode = FALSE
	EndGlobalSection
EndGlobal
